
Microsoft Visual Studio Solution File, Format Version 12.00
# Visual Studio Version 17
VisualStudioVersion = 17.7.34024.191
MinimumVisualStudioVersion = 10.0.40219.1
Project("{9A19103F-16F7-4668-BE54-9A1E7A4F7556}") = "SquareCalculator", "SquareCalculator\SquareCalculator.csproj", "{EAFD81D2-96E7-4CF7-9ECF-7BE3048EE37A}"
EndProject
Project("{9A19103F-16F7-4668-BE54-9A1E7A4F7556}") = "TestClient", "TestClient\TestClient.csproj", "{6E32F713-E662-4621-A54A-5451E14F85E0}"
EndProject
Project("{2150E333-8FDC-42A3-9474-1A3956D46DE8}") = "Tests", "Tests", "{D66B8D2E-9FC0-432F-A590-5C1329022B0E}"
EndProject
Project("{FAE04EC0-301F-11D3-BF4B-00C04F79EFBC}") = "SquareCalculatorTests", "Tests\SquareCalculatorTests\SquareCalculatorTests.csproj", "{A2953C91-C321-4AFA-9748-A4047900FFBE}"
EndProject
Global
	GlobalSection(SolutionConfigurationPlatforms) = preSolution
		Debug|Any CPU = Debug|Any CPU
		Release|Any CPU = Release|Any CPU
	EndGlobalSection
	GlobalSection(ProjectConfigurationPlatforms) = postSolution
		{EAFD81D2-96E7-4CF7-9ECF-7BE3048EE37A}.Debug|Any CPU.ActiveCfg = Debug|Any CPU
		{EAFD81D2-96E7-4CF7-9ECF-7BE3048EE37A}.Debug|Any CPU.Build.0 = Debug|Any CPU
		{EAFD81D2-96E7-4CF7-9ECF-7BE3048EE37A}.Release|Any CPU.ActiveCfg = Release|Any CPU
		{EAFD81D2-96E7-4CF7-9ECF-7BE3048EE37A}.Release|Any CPU.Build.0 = Release|Any CPU
		{6E32F713-E662-4621-A54A-5451E14F85E0}.Debug|Any CPU.ActiveCfg = Debug|Any CPU
		{6E32F713-E662-4621-A54A-5451E14F85E0}.Debug|Any CPU.Build.0 = Debug|Any CPU
		{6E32F713-E662-4621-A54A-5451E14F85E0}.Release|Any CPU.ActiveCfg = Release|Any CPU
		{6E32F713-E662-4621-A54A-5451E14F85E0}.Release|Any CPU.Build.0 = Release|Any CPU
		{A2953C91-C321-4AFA-9748-A4047900FFBE}.Debug|Any CPU.ActiveCfg = Debug|Any CPU
		{A2953C91-C321-4AFA-9748-A4047900FFBE}.Debug|Any CPU.Build.0 = Debug|Any CPU
		{A2953C91-C321-4AFA-9748-A4047900FFBE}.Release|Any CPU.ActiveCfg = Release|Any CPU
		{A2953C91-C321-4AFA-9748-A4047900FFBE}.Release|Any CPU.Build.0 = Release|Any CPU
	EndGlobalSection
	GlobalSection(SolutionProperties) = preSolution
		HideSolutionNode = FALSE
	EndGlobalSection
	GlobalSection(NestedProjects) = preSolution
		{A2953C91-C321-4AFA-9748-A4047900FFBE} = {D66B8D2E-9FC0-432F-A590-5C1329022B0E}
	EndGlobalSection
	GlobalSection(ExtensibilityGlobals) = postSolution
		SolutionGuid = {831FE86D-EEEF-4713-B5D3-161327E276CB}
	EndGlobalSection
EndGlobal
